
Microsoft Visual Studio Solution File, Format Version 12.00
# Visual Studio Version 17
VisualStudioVersion = 17.11.35208.52
MinimumVisualStudioVersion = 10.0.40219.1
Project("{FAE04EC0-301F-11D3-BF4B-00C04F79EFBC}") = "Frontend", "Frontend.csproj", "{63247A27-BFED-4876-9664-A52DD52C2713}"
EndProject
Global
	GlobalSection(SolutionConfigurationPlatforms) = preSolution
		Debug|Any CPU = Debug|Any CPU
		Release|Any CPU = Release|Any CPU
	EndGlobalSection
	GlobalSection(ProjectConfigurationPlatforms) = postSolution
		{63247A27-BFED-4876-9664-A52DD52C2713}.Debug|Any CPU.ActiveCfg = Debug|Any CPU
		{63247A27-BFED-4876-9664-A52DD52C2713}.Debug|Any CPU.Build.0 = Debug|Any CPU
		{63247A27-BFED-4876-9664-A52DD52C2713}.Debug|Any CPU.Deploy.0 = Debug|Any CPU
		{63247A27-BFED-4876-9664-A52DD52C2713}.Release|Any CPU.ActiveCfg = Release|Any CPU
		{63247A27-BFED-4876-9664-A52DD52C2713}.Release|Any CPU.Build.0 = Release|Any CPU
		{63247A27-BFED-4876-9664-A52DD52C2713}.Release|Any CPU.Deploy.0 = Release|Any CPU
	EndGlobalSection
	GlobalSection(SolutionProperties) = preSolution
		HideSolutionNode = FALSE
	EndGlobalSection
	GlobalSection(ExtensibilityGlobals) = postSolution
		SolutionGuid = {6DE3E731-0295-4E1E-8E20-538BF143CE1F}
	EndGlobalSection
EndGlobal
